
Microsoft Visual Studio Solution File, Format Version 12.00
# Visual Studio Version 17
VisualStudioVersion = 17.5.33424.131
MinimumVisualStudioVersion = 10.0.40219.1
Project("{FAE04EC0-301F-11D3-BF4B-00C04F79EFBC}") = "Cliente", "Cliente.csproj", "{7637AED2-B24B-48EB-BCAC-B269CF5AE553}"
EndProject
Global
	GlobalSection(SolutionConfigurationPlatforms) = preSolution
		Debug|Any CPU = Debug|Any CPU
		Release|Any CPU = Release|Any CPU
	EndGlobalSection
	GlobalSection(ProjectConfigurationPlatforms) = postSolution
		{7637AED2-B24B-48EB-BCAC-B269CF5AE553}.Debug|Any CPU.ActiveCfg = Debug|Any CPU
		{7637AED2-B24B-48EB-BCAC-B269CF5AE553}.Debug|Any CPU.Build.0 = Debug|Any CPU
		{7637AED2-B24B-48EB-BCAC-B269CF5AE553}.Release|Any CPU.ActiveCfg = Release|Any CPU
		{7637AED2-B24B-48EB-BCAC-B269CF5AE553}.Release|Any CPU.Build.0 = Release|Any CPU
	EndGlobalSection
	GlobalSection(SolutionProperties) = preSolution
		HideSolutionNode = FALSE
	EndGlobalSection
	GlobalSection(ExtensibilityGlobals) = postSolution
		SolutionGuid = {BD022F20-BA5A-4988-ADFD-56F994EB0EDD}
	EndGlobalSection
EndGlobal
